
Microsoft Visual Studio Solution File, Format Version 12.00
# Visual Studio Version 17
VisualStudioVersion = 17.1.32421.90
MinimumVisualStudioVersion = 10.0.40219.1
Project("{9A19103F-16F7-4668-BE54-9A1E7A4F7556}") = "Entra21.ExemplosWhile", "Entra21.ExemplosWhile\Entra21.ExemplosWhile.csproj", "{7EC526E3-F979-4CD1-A713-E341B1820C47}"
EndProject
Project("{9A19103F-16F7-4668-BE54-9A1E7A4F7556}") = "Entra21.ExercíciosWhile", "Entra21.ExercíciosWhile\Entra21.ExercíciosWhile.csproj", "{E1BD36BF-673D-4FC1-88A5-9A0AC7F4A496}"
EndProject
Project("{9A19103F-16F7-4668-BE54-9A1E7A4F7556}") = "Entra21.AtividadeLista1", "ListaExercícios1\Entra21.AtividadeLista1.csproj", "{DEA5159E-C465-411D-A00D-7ED25855E6F0}"
EndProject
Project("{9A19103F-16F7-4668-BE54-9A1E7A4F7556}") = "Entra21.AtividadesFor", "Entra21.AtividadesFor\Entra21.AtividadesFor.csproj", "{475B5EC2-DA2E-40C3-A3D8-A38089596705}"
EndProject
Project("{FAE04EC0-301F-11D3-BF4B-00C04F79EFBC}") = "Entra21.AtividadesVetor", "Entra21.AtividadesVetor\Entra21.AtividadesVetor.csproj", "{86A19E2A-E0B8-4247-B1A2-7E75EBCA5258}"
EndProject
Global
	GlobalSection(SolutionConfigurationPlatforms) = preSolution
		Debug|Any CPU = Debug|Any CPU
		Release|Any CPU = Release|Any CPU
	EndGlobalSection
	GlobalSection(ProjectConfigurationPlatforms) = postSolution
		{7EC526E3-F979-4CD1-A713-E341B1820C47}.Debug|Any CPU.ActiveCfg = Debug|Any CPU
		{7EC526E3-F979-4CD1-A713-E341B1820C47}.Debug|Any CPU.Build.0 = Debug|Any CPU
		{7EC526E3-F979-4CD1-A713-E341B1820C47}.Release|Any CPU.ActiveCfg = Release|Any CPU
		{7EC526E3-F979-4CD1-A713-E341B1820C47}.Release|Any CPU.Build.0 = Release|Any CPU
		{E1BD36BF-673D-4FC1-88A5-9A0AC7F4A496}.Debug|Any CPU.ActiveCfg = Debug|Any CPU
		{E1BD36BF-673D-4FC1-88A5-9A0AC7F4A496}.Debug|Any CPU.Build.0 = Debug|Any CPU
		{E1BD36BF-673D-4FC1-88A5-9A0AC7F4A496}.Release|Any CPU.ActiveCfg = Release|Any CPU
		{E1BD36BF-673D-4FC1-88A5-9A0AC7F4A496}.Release|Any CPU.Build.0 = Release|Any CPU
		{DEA5159E-C465-411D-A00D-7ED25855E6F0}.Debug|Any CPU.ActiveCfg = Debug|Any CPU
		{DEA5159E-C465-411D-A00D-7ED25855E6F0}.Debug|Any CPU.Build.0 = Debug|Any CPU
		{DEA5159E-C465-411D-A00D-7ED25855E6F0}.Release|Any CPU.ActiveCfg = Release|Any CPU
		{DEA5159E-C465-411D-A00D-7ED25855E6F0}.Release|Any CPU.Build.0 = Release|Any CPU
		{475B5EC2-DA2E-40C3-A3D8-A38089596705}.Debug|Any CPU.ActiveCfg = Debug|Any CPU
		{475B5EC2-DA2E-40C3-A3D8-A38089596705}.Debug|Any CPU.Build.0 = Debug|Any CPU
		{475B5EC2-DA2E-40C3-A3D8-A38089596705}.Release|Any CPU.ActiveCfg = Release|Any CPU
		{475B5EC2-DA2E-40C3-A3D8-A38089596705}.Release|Any CPU.Build.0 = Release|Any CPU
		{86A19E2A-E0B8-4247-B1A2-7E75EBCA5258}.Debug|Any CPU.ActiveCfg = Debug|Any CPU
		{86A19E2A-E0B8-4247-B1A2-7E75EBCA5258}.Debug|Any CPU.Build.0 = Debug|Any CPU
		{86A19E2A-E0B8-4247-B1A2-7E75EBCA5258}.Release|Any CPU.ActiveCfg = Release|Any CPU
		{86A19E2A-E0B8-4247-B1A2-7E75EBCA5258}.Release|Any CPU.Build.0 = Release|Any CPU
	EndGlobalSection
	GlobalSection(SolutionProperties) = preSolution
		HideSolutionNode = FALSE
	EndGlobalSection
	GlobalSection(ExtensibilityGlobals) = postSolution
		SolutionGuid = {4F78D6E8-3250-45AD-A318-CE96A51A8247}
	EndGlobalSection
EndGlobal
